{
  "version": 4,
  "terraform_version": "1.15.0",
  "serial": 6,
  "lineage": "ad9cfa51-2c5e-5874-1771-7b25ba93ef84",
  "outputs": {},
  "resources": [
    {
      "mode": "managed",
      "type": "aws_key_pair",
      "name": "k8s_key",
      "provider": "provider[\"registry.terraform.io/hashicorp/aws\"]",
      "instances": [
        {
          "schema_version": 1,
          "attributes": {
            "arn": "arn:aws:ec2:us-east-1:547878964385:key-pair/k8s-key",
            "fingerprint": "ba:c3:16:65:b1:46:75:79:61:af:59:cf:d5:15:a7:97",
            "id": "k8s-key",
            "key_name": "k8s-key",
            "key_name_prefix": "",
            "key_pair_id": "key-0f840fb78e7dabaab",
            "key_type": "rsa",
            "public_key": "ssh-rsa AAAAB3NzaC1yc2EAAAADAQABAAACAQCggSfZaoiwdnKX+EGdX/fl+aQQfcpAYtCuN/04UKP/EehZduQBWgggy0xtNbF7ce0H9w16Czcv2AtylM+tqmZBDi3Rwb7RXWOPfyJkDpmEy/IV9Vfqt7T6hi3WBNSVTnM97KfMfYHq5dN0Pf8I93XDIngRtJGbwMGgHsQBfoV6Fhz7VxSMXafYGGwJby7DOuMFYUlar3mhgk8Ean8CjZcYPk24XWj8DCvwgdngWHkl5PaiFuhDHP+MbVA1RWTu1vV1i4bmhIguHZ+BuYGdPyepyrjhWx+ar5J6XbQPScuYumVDf8YNGPG/+97i3Y6QqYFInjWTfDoi3HjSgVdEMJpTXXEMGZ/ia8B2SqCLfVSQPJRM3uuIJv4w93ocm+lK2dIx87HlecPXJk+ObuaKyN0QgJWzIM9yEwQkNtCMA9YDeH1IiqU2YL34wmyFNC5xm5t3oAfbQ4pZpqwjBH06OwtbcNKx6ucO8PRtNJEzoVYOuk/2bEfOvsDnonQZXWzfHjsr/8itRFOHXVoSlPvXyic5UcwemXt+dJeqXfggIerQuWad27WG3YWjrW5vwZeHl8I/3RNY+rLV7MJWADCatXgQnRTNkLCxsQz+SnY52bwP97jVjwlDsuGZhNT7bqkOvqWERW+02KZbxMqJ6t9JQF6O5opvIVfL2WAW1EwbOfaIxw== shresth@shresth-Vivobook-ASUSLaptop-X1502ZA-X1502ZA",
            "region": "us-east-1",
            "tags": null,
            "tags_all": {}
          },
          "sensitive_attributes": [],
          "identity_schema_version": 0,
          "private": "eyJzY2hlbWFfdmVyc2lvbiI6IjEifQ=="
        }
      ]
    },
    {
      "mode": "managed",
      "type": "aws_security_group",
      "name": "k8s_sg",
      "provider": "provider[\"registry.terraform.io/hashicorp/aws\"]",
      "instances": [
        {
          "schema_version": 1,
          "attributes": {
            "arn": "arn:aws:ec2:us-east-1:547878964385:security-group/sg-0024cf37a5c001afb",
            "description": "Managed by Terraform",
            "egress": [
              {
                "cidr_blocks": [
                  "0.0.0.0/0"
                ],
                "description": "",
                "from_port": 0,
                "ipv6_cidr_blocks": [],
                "prefix_list_ids": [],
                "protocol": "-1",
                "security_groups": [],
                "self": false,
                "to_port": 0
              }
            ],
            "id": "sg-0024cf37a5c001afb",
            "ingress": [
              {
                "cidr_blocks": [
                  "0.0.0.0/0"
                ],
                "description": "",
                "from_port": 22,
                "ipv6_cidr_blocks": [],
                "prefix_list_ids": [],
                "protocol": "tcp",
                "security_groups": [],
                "self": false,
                "to_port": 22
              },
              {
                "cidr_blocks": [
                  "0.0.0.0/0"
                ],
                "description": "",
                "from_port": 6443,
                "ipv6_cidr_blocks": [],
                "prefix_list_ids": [],
                "protocol": "tcp",
                "security_groups": [],
                "self": false,
                "to_port": 6443
              },
              {
                "cidr_blocks": [],
                "description": "",
                "from_port": 0,
                "ipv6_cidr_blocks": [],
                "prefix_list_ids": [],
                "protocol": "-1",
                "security_groups": [],
                "self": true,
                "to_port": 0
              }
            ],
            "name": "k8s-sg",
            "name_prefix": "",
            "owner_id": "547878964385",
            "region": "us-east-1",
            "revoke_rules_on_delete": false,
            "tags": null,
            "tags_all": {},
            "timeouts": null,
            "vpc_id": "vpc-029a55bf782609382"
          },
          "sensitive_attributes": [],
          "identity_schema_version": 0,
          "identity": {
            "account_id": "547878964385",
            "id": "sg-0024cf37a5c001afb",
            "region": "us-east-1"
          },
          "private": "eyJlMmJmYjczMC1lY2FhLTExZTYtOGY4OC0zNDM2M2JjN2M0YzAiOnsiY3JlYXRlIjo2MDAwMDAwMDAwMDAsImRlbGV0ZSI6OTAwMDAwMDAwMDAwfSwic2NoZW1hX3ZlcnNpb24iOiIxIn0="
        }
      ]
    }
  ],
  "check_results": null
}
